
Microsoft Visual Studio Solution File, Format Version 12.00
# Visual Studio Version 17
VisualStudioVersion = 17.6.33617.297
MinimumVisualStudioVersion = 10.0.40219.1
Project("{9A19103F-16F7-4668-BE54-9A1E7A4F7556}") = "WebApp_UnderTheHood", "WebApp_UnderTheHood\WebApp_UnderTheHood.csproj", "{0F2008A7-E752-4102-AC13-9F0474841B58}"
EndProject
Project("{9A19103F-16F7-4668-BE54-9A1E7A4F7556}") = "Web API", "Web API\Web API.csproj", "{266D6594-6909-406E-BACF-F8C2F3382BDB}"
EndProject
Project("{9A19103F-16F7-4668-BE54-9A1E7A4F7556}") = "WebApp", "WebApp\WebApp.csproj", "{7BCBE47E-02A9-44AF-A1B0-089EE806FCCC}"
EndProject
Global
	GlobalSection(SolutionConfigurationPlatforms) = preSolution
		Debug|Any CPU = Debug|Any CPU
		Release|Any CPU = Release|Any CPU
	EndGlobalSection
	GlobalSection(ProjectConfigurationPlatforms) = postSolution
		{0F2008A7-E752-4102-AC13-9F0474841B58}.Debug|Any CPU.ActiveCfg = Debug|Any CPU
		{0F2008A7-E752-4102-AC13-9F0474841B58}.Debug|Any CPU.Build.0 = Debug|Any CPU
		{0F2008A7-E752-4102-AC13-9F0474841B58}.Release|Any CPU.ActiveCfg = Release|Any CPU
		{0F2008A7-E752-4102-AC13-9F0474841B58}.Release|Any CPU.Build.0 = Release|Any CPU
		{266D6594-6909-406E-BACF-F8C2F3382BDB}.Debug|Any CPU.ActiveCfg = Debug|Any CPU
		{266D6594-6909-406E-BACF-F8C2F3382BDB}.Debug|Any CPU.Build.0 = Debug|Any CPU
		{266D6594-6909-406E-BACF-F8C2F3382BDB}.Release|Any CPU.ActiveCfg = Release|Any CPU
		{266D6594-6909-406E-BACF-F8C2F3382BDB}.Release|Any CPU.Build.0 = Release|Any CPU
		{7BCBE47E-02A9-44AF-A1B0-089EE806FCCC}.Debug|Any CPU.ActiveCfg = Debug|Any CPU
		{7BCBE47E-02A9-44AF-A1B0-089EE806FCCC}.Debug|Any CPU.Build.0 = Debug|Any CPU
		{7BCBE47E-02A9-44AF-A1B0-089EE806FCCC}.Release|Any CPU.ActiveCfg = Release|Any CPU
		{7BCBE47E-02A9-44AF-A1B0-089EE806FCCC}.Release|Any CPU.Build.0 = Release|Any CPU
	EndGlobalSection
	GlobalSection(SolutionProperties) = preSolution
		HideSolutionNode = FALSE
	EndGlobalSection
	GlobalSection(ExtensibilityGlobals) = postSolution
		SolutionGuid = {2669EEBE-DBBA-4731-A486-DED7C2F88519}
	EndGlobalSection
EndGlobal
